
Microsoft Visual Studio Solution File, Format Version 12.00
# Visual Studio 15
VisualStudioVersion = 15.0.26124.0
MinimumVisualStudioVersion = 15.0.26124.0
Project("{2150E333-8FDC-42A3-9474-1A3956D46DE8}") = "test", "test", "{6A7C1D3E-B3B4-4FD5-8CCD-3494C5271114}"
EndProject
Project("{FAE04EC0-301F-11D3-BF4B-00C04F79EFBC}") = "GradeBook.Tests", "test\GradeBook.Tests\GradeBook.Tests.csproj", "{F6C456E7-4C41-4218-B41B-A2CC5CF39B91}"
EndProject
Project("{2150E333-8FDC-42A3-9474-1A3956D46DE8}") = "src", "src", "{1179B101-2311-4C39-A495-8BAA24B2AE52}"
EndProject
Project("{FAE04EC0-301F-11D3-BF4B-00C04F79EFBC}") = "GradeBook", "src\Gradebook\GradeBook.csproj", "{116C47F8-BB2E-4BC5-A9EA-F1D0B6A8DCC5}"
EndProject
Global
	GlobalSection(SolutionConfigurationPlatforms) = preSolution
		Debug|Any CPU = Debug|Any CPU
		Debug|x64 = Debug|x64
		Debug|x86 = Debug|x86
		Release|Any CPU = Release|Any CPU
		Release|x64 = Release|x64
		Release|x86 = Release|x86
	EndGlobalSection
	GlobalSection(SolutionProperties) = preSolution
		HideSolutionNode = FALSE
	EndGlobalSection
	GlobalSection(ProjectConfigurationPlatforms) = postSolution
		{F6C456E7-4C41-4218-B41B-A2CC5CF39B91}.Debug|Any CPU.ActiveCfg = Debug|Any CPU
		{F6C456E7-4C41-4218-B41B-A2CC5CF39B91}.Debug|Any CPU.Build.0 = Debug|Any CPU
		{F6C456E7-4C41-4218-B41B-A2CC5CF39B91}.Debug|x64.ActiveCfg = Debug|Any CPU
		{F6C456E7-4C41-4218-B41B-A2CC5CF39B91}.Debug|x64.Build.0 = Debug|Any CPU
		{F6C456E7-4C41-4218-B41B-A2CC5CF39B91}.Debug|x86.ActiveCfg = Debug|Any CPU
		{F6C456E7-4C41-4218-B41B-A2CC5CF39B91}.Debug|x86.Build.0 = Debug|Any CPU
		{F6C456E7-4C41-4218-B41B-A2CC5CF39B91}.Release|Any CPU.ActiveCfg = Release|Any CPU
		{F6C456E7-4C41-4218-B41B-A2CC5CF39B91}.Release|Any CPU.Build.0 = Release|Any CPU
		{F6C456E7-4C41-4218-B41B-A2CC5CF39B91}.Release|x64.ActiveCfg = Release|Any CPU
		{F6C456E7-4C41-4218-B41B-A2CC5CF39B91}.Release|x64.Build.0 = Release|Any CPU
		{F6C456E7-4C41-4218-B41B-A2CC5CF39B91}.Release|x86.ActiveCfg = Release|Any CPU
		{F6C456E7-4C41-4218-B41B-A2CC5CF39B91}.Release|x86.Build.0 = Release|Any CPU
		{116C47F8-BB2E-4BC5-A9EA-F1D0B6A8DCC5}.Debug|Any CPU.ActiveCfg = Debug|Any CPU
		{116C47F8-BB2E-4BC5-A9EA-F1D0B6A8DCC5}.Debug|Any CPU.Build.0 = Debug|Any CPU
		{116C47F8-BB2E-4BC5-A9EA-F1D0B6A8DCC5}.Debug|x64.ActiveCfg = Debug|Any CPU
		{116C47F8-BB2E-4BC5-A9EA-F1D0B6A8DCC5}.Debug|x64.Build.0 = Debug|Any CPU
		{116C47F8-BB2E-4BC5-A9EA-F1D0B6A8DCC5}.Debug|x86.ActiveCfg = Debug|Any CPU
		{116C47F8-BB2E-4BC5-A9EA-F1D0B6A8DCC5}.Debug|x86.Build.0 = Debug|Any CPU
		{116C47F8-BB2E-4BC5-A9EA-F1D0B6A8DCC5}.Release|Any CPU.ActiveCfg = Release|Any CPU
		{116C47F8-BB2E-4BC5-A9EA-F1D0B6A8DCC5}.Release|Any CPU.Build.0 = Release|Any CPU
		{116C47F8-BB2E-4BC5-A9EA-F1D0B6A8DCC5}.Release|x64.ActiveCfg = Release|Any CPU
		{116C47F8-BB2E-4BC5-A9EA-F1D0B6A8DCC5}.Release|x64.Build.0 = Release|Any CPU
		{116C47F8-BB2E-4BC5-A9EA-F1D0B6A8DCC5}.Release|x86.ActiveCfg = Release|Any CPU
		{116C47F8-BB2E-4BC5-A9EA-F1D0B6A8DCC5}.Release|x86.Build.0 = Release|Any CPU
	EndGlobalSection
	GlobalSection(NestedProjects) = preSolution
		{F6C456E7-4C41-4218-B41B-A2CC5CF39B91} = {6A7C1D3E-B3B4-4FD5-8CCD-3494C5271114}
		{116C47F8-BB2E-4BC5-A9EA-F1D0B6A8DCC5} = {1179B101-2311-4C39-A495-8BAA24B2AE52}
	EndGlobalSection
EndGlobal
